
Microsoft Visual Studio Solution File, Format Version 12.00
# Visual Studio Version 17
VisualStudioVersion = 17.0.32014.148
MinimumVisualStudioVersion = 10.0.40219.1
Project("{FAE04EC0-301F-11D3-BF4B-00C04F79EFBC}") = "EntityFrameworkExample", "EntityFrameworkExample\EntityFrameworkExample.csproj", "{B666C641-CBAD-4EB2-B15B-62FAD16A02ED}"
EndProject
Global
	GlobalSection(SolutionConfigurationPlatforms) = preSolution
		Debug|Any CPU = Debug|Any CPU
		Release|Any CPU = Release|Any CPU
	EndGlobalSection
	GlobalSection(ProjectConfigurationPlatforms) = postSolution
		{B666C641-CBAD-4EB2-B15B-62FAD16A02ED}.Debug|Any CPU.ActiveCfg = Debug|Any CPU
		{B666C641-CBAD-4EB2-B15B-62FAD16A02ED}.Debug|Any CPU.Build.0 = Debug|Any CPU
		{B666C641-CBAD-4EB2-B15B-62FAD16A02ED}.Release|Any CPU.ActiveCfg = Release|Any CPU
		{B666C641-CBAD-4EB2-B15B-62FAD16A02ED}.Release|Any CPU.Build.0 = Release|Any CPU
	EndGlobalSection
	GlobalSection(SolutionProperties) = preSolution
		HideSolutionNode = FALSE
	EndGlobalSection
	GlobalSection(ExtensibilityGlobals) = postSolution
		SolutionGuid = {B2C6EF35-1CF9-482D-A435-88AED8229014}
	EndGlobalSection
EndGlobal
